
Microsoft Visual Studio Solution File, Format Version 12.00
# Visual Studio Version 17
VisualStudioVersion = 17.12.35707.178 d17.12
MinimumVisualStudioVersion = 10.0.40219.1
Project("{FAE04EC0-301F-11D3-BF4B-00C04F79EFBC}") = "Proect_8", "Proect_8.csproj", "{822AC585-60E1-4918-95AC-39DB37484D04}"
EndProject
Global
	GlobalSection(SolutionConfigurationPlatforms) = preSolution
		Debug|Any CPU = Debug|Any CPU
		Release|Any CPU = Release|Any CPU
	EndGlobalSection
	GlobalSection(ProjectConfigurationPlatforms) = postSolution
		{822AC585-60E1-4918-95AC-39DB37484D04}.Debug|Any CPU.ActiveCfg = Debug|Any CPU
		{822AC585-60E1-4918-95AC-39DB37484D04}.Debug|Any CPU.Build.0 = Debug|Any CPU
		{822AC585-60E1-4918-95AC-39DB37484D04}.Release|Any CPU.ActiveCfg = Release|Any CPU
		{822AC585-60E1-4918-95AC-39DB37484D04}.Release|Any CPU.Build.0 = Release|Any CPU
	EndGlobalSection
	GlobalSection(SolutionProperties) = preSolution
		HideSolutionNode = FALSE
	EndGlobalSection
EndGlobal
